
Microsoft Visual Studio Solution File, Format Version 12.00
# Visual Studio Version 17
VisualStudioVersion = 17.14.36408.4
MinimumVisualStudioVersion = 10.0.40219.1
Project("{FAE04EC0-301F-11D3-BF4B-00C04F79EFBC}") = "todo-api", "todo-api\todo-api.csproj", "{8C3ABF3A-CAC5-46A4-9445-06B9DF9BC940}"
EndProject
Project("{FAE04EC0-301F-11D3-BF4B-00C04F79EFBC}") = "todo-api.Tests", "todo-api.IntegrationTests\todo-api.Tests.csproj", "{9F53ED9D-2416-4ED9-8610-314B4B817470}"
EndProject
Global
	GlobalSection(SolutionConfigurationPlatforms) = preSolution
		Debug|Any CPU = Debug|Any CPU
		Debug|x64 = Debug|x64
		Debug|x86 = Debug|x86
		Release|Any CPU = Release|Any CPU
		Release|x64 = Release|x64
		Release|x86 = Release|x86
	EndGlobalSection
	GlobalSection(ProjectConfigurationPlatforms) = postSolution
		{8C3ABF3A-CAC5-46A4-9445-06B9DF9BC940}.Debug|Any CPU.ActiveCfg = Debug|Any CPU
		{8C3ABF3A-CAC5-46A4-9445-06B9DF9BC940}.Debug|Any CPU.Build.0 = Debug|Any CPU
		{8C3ABF3A-CAC5-46A4-9445-06B9DF9BC940}.Debug|x64.ActiveCfg = Debug|Any CPU
		{8C3ABF3A-CAC5-46A4-9445-06B9DF9BC940}.Debug|x64.Build.0 = Debug|Any CPU
		{8C3ABF3A-CAC5-46A4-9445-06B9DF9BC940}.Debug|x86.ActiveCfg = Debug|Any CPU
		{8C3ABF3A-CAC5-46A4-9445-06B9DF9BC940}.Debug|x86.Build.0 = Debug|Any CPU
		{8C3ABF3A-CAC5-46A4-9445-06B9DF9BC940}.Release|Any CPU.ActiveCfg = Release|Any CPU
		{8C3ABF3A-CAC5-46A4-9445-06B9DF9BC940}.Release|Any CPU.Build.0 = Release|Any CPU
		{8C3ABF3A-CAC5-46A4-9445-06B9DF9BC940}.Release|x64.ActiveCfg = Release|Any CPU
		{8C3ABF3A-CAC5-46A4-9445-06B9DF9BC940}.Release|x64.Build.0 = Release|Any CPU
		{8C3ABF3A-CAC5-46A4-9445-06B9DF9BC940}.Release|x86.ActiveCfg = Release|Any CPU
		{8C3ABF3A-CAC5-46A4-9445-06B9DF9BC940}.Release|x86.Build.0 = Release|Any CPU
		{9F53ED9D-2416-4ED9-8610-314B4B817470}.Debug|Any CPU.ActiveCfg = Debug|Any CPU
		{9F53ED9D-2416-4ED9-8610-314B4B817470}.Debug|Any CPU.Build.0 = Debug|Any CPU
		{9F53ED9D-2416-4ED9-8610-314B4B817470}.Debug|x64.ActiveCfg = Debug|Any CPU
		{9F53ED9D-2416-4ED9-8610-314B4B817470}.Debug|x64.Build.0 = Debug|Any CPU
		{9F53ED9D-2416-4ED9-8610-314B4B817470}.Debug|x86.ActiveCfg = Debug|Any CPU
		{9F53ED9D-2416-4ED9-8610-314B4B817470}.Debug|x86.Build.0 = Debug|Any CPU
		{9F53ED9D-2416-4ED9-8610-314B4B817470}.Release|Any CPU.ActiveCfg = Release|Any CPU
		{9F53ED9D-2416-4ED9-8610-314B4B817470}.Release|Any CPU.Build.0 = Release|Any CPU
		{9F53ED9D-2416-4ED9-8610-314B4B817470}.Release|x64.ActiveCfg = Release|Any CPU
		{9F53ED9D-2416-4ED9-8610-314B4B817470}.Release|x64.Build.0 = Release|Any CPU
		{9F53ED9D-2416-4ED9-8610-314B4B817470}.Release|x86.ActiveCfg = Release|Any CPU
		{9F53ED9D-2416-4ED9-8610-314B4B817470}.Release|x86.Build.0 = Release|Any CPU
	EndGlobalSection
	GlobalSection(SolutionProperties) = preSolution
		HideSolutionNode = FALSE
	EndGlobalSection
	GlobalSection(ExtensibilityGlobals) = postSolution
		SolutionGuid = {7BC8B8B8-8389-4707-8EEF-BD62BE7CDB2E}
	EndGlobalSection
EndGlobal
